
Microsoft Visual Studio Solution File, Format Version 12.00
# Visual Studio Version 17
VisualStudioVersion = 17.14.36401.2
MinimumVisualStudioVersion = 10.0.40219.1
Project("{FAE04EC0-301F-11D3-BF4B-00C04F79EFBC}") = "LabCalculator", "LabCalculator.csproj", "{BA9B3145-AAFC-4090-8BF3-254EC9DA8667}"
EndProject
Global
	GlobalSection(SolutionConfigurationPlatforms) = preSolution
		Debug|Any CPU = Debug|Any CPU
		Release|Any CPU = Release|Any CPU
	EndGlobalSection
	GlobalSection(ProjectConfigurationPlatforms) = postSolution
		{BA9B3145-AAFC-4090-8BF3-254EC9DA8667}.Debug|Any CPU.ActiveCfg = Debug|Any CPU
		{BA9B3145-AAFC-4090-8BF3-254EC9DA8667}.Debug|Any CPU.Build.0 = Debug|Any CPU
		{BA9B3145-AAFC-4090-8BF3-254EC9DA8667}.Release|Any CPU.ActiveCfg = Release|Any CPU
		{BA9B3145-AAFC-4090-8BF3-254EC9DA8667}.Release|Any CPU.Build.0 = Release|Any CPU
	EndGlobalSection
	GlobalSection(SolutionProperties) = preSolution
		HideSolutionNode = FALSE
	EndGlobalSection
	GlobalSection(ExtensibilityGlobals) = postSolution
		SolutionGuid = {CF99EBBF-A5FA-4711-803C-B269005A0667}
	EndGlobalSection
EndGlobal
